
Microsoft Visual Studio Solution File, Format Version 12.00
# Visual Studio Version 16
VisualStudioVersion = 16.0.31129.286
MinimumVisualStudioVersion = 10.0.40219.1
Project("{FAE04EC0-301F-11D3-BF4B-00C04F79EFBC}") = "AngularDotNetCoreDemoApp", "AngularDotNetCoreDemoApp\AngularDotNetCoreDemoApp.csproj", "{64025C13-F775-42A0-8D0B-CBD538E3C759}"
EndProject
Project("{2150E333-8FDC-42A3-9474-1A3956D46DE8}") = "DAL", "DAL", "{1C60CEA8-8B9B-44EF-B4B6-49B6645593B3}"
EndProject
Project("{2150E333-8FDC-42A3-9474-1A3956D46DE8}") = "BLL", "BLL", "{C95147C3-E6EC-40A0-B2E9-2611A3111138}"
EndProject
Project("{2150E333-8FDC-42A3-9474-1A3956D46DE8}") = "Common", "Common", "{F7FBB0D2-130F-488E-8566-D2A11036BFF1}"
EndProject
Project("{2150E333-8FDC-42A3-9474-1A3956D46DE8}") = "Scheduler", "Scheduler", "{C4F52AD8-78AE-4F71-A1CA-A29EAFC7B503}"
EndProject
Project("{2150E333-8FDC-42A3-9474-1A3956D46DE8}") = "Tests", "Tests", "{70B755E2-CE05-4778-946D-D1E7F2700A3D}"
EndProject
Project("{FAE04EC0-301F-11D3-BF4B-00C04F79EFBC}") = "Tests", "Tests\Tests.csproj", "{6C985189-1AC6-4C98-8787-8CB83F957520}"
EndProject
Project("{FAE04EC0-301F-11D3-BF4B-00C04F79EFBC}") = "DataScheduler", "DataScheduler\DataScheduler.csproj", "{D0FEA868-3059-4EFD-A999-2353513DC844}"
EndProject
Project("{FAE04EC0-301F-11D3-BF4B-00C04F79EFBC}") = "DataAccess", "DataAccess\DataAccess.csproj", "{18792C5F-84C3-40F9-8AE8-5289B8AE9E8E}"
EndProject
Project("{FAE04EC0-301F-11D3-BF4B-00C04F79EFBC}") = "IDataAccess", "IDataAccess\IDataAccess.csproj", "{F65D7D73-3927-426C-9CFB-7A5FCFBE4ABB}"
EndProject
Project("{2150E333-8FDC-42A3-9474-1A3956D46DE8}") = "DataServices", "DataServices", "{27B33CA5-DC58-4A77-8D70-393C83D49CE0}"
EndProject
Project("{FAE04EC0-301F-11D3-BF4B-00C04F79EFBC}") = "ServiceGateways", "ServiceGateways\ServiceGateways.csproj", "{7DBCDEDE-A842-4ECE-823F-20BFEF8689F5}"
EndProject
Project("{FAE04EC0-301F-11D3-BF4B-00C04F79EFBC}") = "EF", "EF\EF.csproj", "{483C5E81-C692-4BAC-A992-592C070F6EAF}"
EndProject
Project("{FAE04EC0-301F-11D3-BF4B-00C04F79EFBC}") = "Common", "Common\Common.csproj", "{2D302D5C-A92B-4F72-8220-8DF09A0DB4A9}"
EndProject
Project("{FAE04EC0-301F-11D3-BF4B-00C04F79EFBC}") = "DI", "DI\DI.csproj", "{BEBB469D-E8F9-48F1-9246-22BB43EB6364}"
EndProject
Project("{FAE04EC0-301F-11D3-BF4B-00C04F79EFBC}") = "Domain", "Domain\Domain.csproj", "{6652C18C-5DB5-47A9-822D-519477E3BA3E}"
EndProject
Project("{FAE04EC0-301F-11D3-BF4B-00C04F79EFBC}") = "BusinessServices", "BusinessServices\BusinessServices.csproj", "{4621D219-9CA2-4CD4-9C5B-B290D67E1D82}"
EndProject
Project("{FAE04EC0-301F-11D3-BF4B-00C04F79EFBC}") = "IBusinessServices", "IBusinessServices\IBusinessServices.csproj", "{4DC6328F-D9A8-4218-A7A2-1F835B099BBE}"
EndProject
Global
	GlobalSection(SolutionConfigurationPlatforms) = preSolution
		Debug|Any CPU = Debug|Any CPU
		Release|Any CPU = Release|Any CPU
	EndGlobalSection
	GlobalSection(ProjectConfigurationPlatforms) = postSolution
		{64025C13-F775-42A0-8D0B-CBD538E3C759}.Debug|Any CPU.ActiveCfg = Debug|Any CPU
		{64025C13-F775-42A0-8D0B-CBD538E3C759}.Debug|Any CPU.Build.0 = Debug|Any CPU
		{64025C13-F775-42A0-8D0B-CBD538E3C759}.Release|Any CPU.ActiveCfg = Release|Any CPU
		{64025C13-F775-42A0-8D0B-CBD538E3C759}.Release|Any CPU.Build.0 = Release|Any CPU
		{6C985189-1AC6-4C98-8787-8CB83F957520}.Debug|Any CPU.ActiveCfg = Debug|Any CPU
		{6C985189-1AC6-4C98-8787-8CB83F957520}.Debug|Any CPU.Build.0 = Debug|Any CPU
		{6C985189-1AC6-4C98-8787-8CB83F957520}.Release|Any CPU.ActiveCfg = Release|Any CPU
		{6C985189-1AC6-4C98-8787-8CB83F957520}.Release|Any CPU.Build.0 = Release|Any CPU
		{D0FEA868-3059-4EFD-A999-2353513DC844}.Debug|Any CPU.ActiveCfg = Debug|Any CPU
		{D0FEA868-3059-4EFD-A999-2353513DC844}.Debug|Any CPU.Build.0 = Debug|Any CPU
		{D0FEA868-3059-4EFD-A999-2353513DC844}.Release|Any CPU.ActiveCfg = Release|Any CPU
		{D0FEA868-3059-4EFD-A999-2353513DC844}.Release|Any CPU.Build.0 = Release|Any CPU
		{18792C5F-84C3-40F9-8AE8-5289B8AE9E8E}.Debug|Any CPU.ActiveCfg = Debug|Any CPU
		{18792C5F-84C3-40F9-8AE8-5289B8AE9E8E}.Debug|Any CPU.Build.0 = Debug|Any CPU
		{18792C5F-84C3-40F9-8AE8-5289B8AE9E8E}.Release|Any CPU.ActiveCfg = Release|Any CPU
		{18792C5F-84C3-40F9-8AE8-5289B8AE9E8E}.Release|Any CPU.Build.0 = Release|Any CPU
		{F65D7D73-3927-426C-9CFB-7A5FCFBE4ABB}.Debug|Any CPU.ActiveCfg = Debug|Any CPU
		{F65D7D73-3927-426C-9CFB-7A5FCFBE4ABB}.Debug|Any CPU.Build.0 = Debug|Any CPU
		{F65D7D73-3927-426C-9CFB-7A5FCFBE4ABB}.Release|Any CPU.ActiveCfg = Release|Any CPU
		{F65D7D73-3927-426C-9CFB-7A5FCFBE4ABB}.Release|Any CPU.Build.0 = Release|Any CPU
		{7DBCDEDE-A842-4ECE-823F-20BFEF8689F5}.Debug|Any CPU.ActiveCfg = Debug|Any CPU
		{7DBCDEDE-A842-4ECE-823F-20BFEF8689F5}.Debug|Any CPU.Build.0 = Debug|Any CPU
		{7DBCDEDE-A842-4ECE-823F-20BFEF8689F5}.Release|Any CPU.ActiveCfg = Release|Any CPU
		{7DBCDEDE-A842-4ECE-823F-20BFEF8689F5}.Release|Any CPU.Build.0 = Release|Any CPU
		{483C5E81-C692-4BAC-A992-592C070F6EAF}.Debug|Any CPU.ActiveCfg = Debug|Any CPU
		{483C5E81-C692-4BAC-A992-592C070F6EAF}.Debug|Any CPU.Build.0 = Debug|Any CPU
		{483C5E81-C692-4BAC-A992-592C070F6EAF}.Release|Any CPU.ActiveCfg = Release|Any CPU
		{483C5E81-C692-4BAC-A992-592C070F6EAF}.Release|Any CPU.Build.0 = Release|Any CPU
		{2D302D5C-A92B-4F72-8220-8DF09A0DB4A9}.Debug|Any CPU.ActiveCfg = Debug|Any CPU
		{2D302D5C-A92B-4F72-8220-8DF09A0DB4A9}.Debug|Any CPU.Build.0 = Debug|Any CPU
		{2D302D5C-A92B-4F72-8220-8DF09A0DB4A9}.Release|Any CPU.ActiveCfg = Release|Any CPU
		{2D302D5C-A92B-4F72-8220-8DF09A0DB4A9}.Release|Any CPU.Build.0 = Release|Any CPU
		{BEBB469D-E8F9-48F1-9246-22BB43EB6364}.Debug|Any CPU.ActiveCfg = Debug|Any CPU
		{BEBB469D-E8F9-48F1-9246-22BB43EB6364}.Debug|Any CPU.Build.0 = Debug|Any CPU
		{BEBB469D-E8F9-48F1-9246-22BB43EB6364}.Release|Any CPU.ActiveCfg = Release|Any CPU
		{BEBB469D-E8F9-48F1-9246-22BB43EB6364}.Release|Any CPU.Build.0 = Release|Any CPU
		{6652C18C-5DB5-47A9-822D-519477E3BA3E}.Debug|Any CPU.ActiveCfg = Debug|Any CPU
		{6652C18C-5DB5-47A9-822D-519477E3BA3E}.Debug|Any CPU.Build.0 = Debug|Any CPU
		{6652C18C-5DB5-47A9-822D-519477E3BA3E}.Release|Any CPU.ActiveCfg = Release|Any CPU
		{6652C18C-5DB5-47A9-822D-519477E3BA3E}.Release|Any CPU.Build.0 = Release|Any CPU
		{4621D219-9CA2-4CD4-9C5B-B290D67E1D82}.Debug|Any CPU.ActiveCfg = Debug|Any CPU
		{4621D219-9CA2-4CD4-9C5B-B290D67E1D82}.Debug|Any CPU.Build.0 = Debug|Any CPU
		{4621D219-9CA2-4CD4-9C5B-B290D67E1D82}.Release|Any CPU.ActiveCfg = Release|Any CPU
		{4621D219-9CA2-4CD4-9C5B-B290D67E1D82}.Release|Any CPU.Build.0 = Release|Any CPU
		{4DC6328F-D9A8-4218-A7A2-1F835B099BBE}.Debug|Any CPU.ActiveCfg = Debug|Any CPU
		{4DC6328F-D9A8-4218-A7A2-1F835B099BBE}.Debug|Any CPU.Build.0 = Debug|Any CPU
		{4DC6328F-D9A8-4218-A7A2-1F835B099BBE}.Release|Any CPU.ActiveCfg = Release|Any CPU
		{4DC6328F-D9A8-4218-A7A2-1F835B099BBE}.Release|Any CPU.Build.0 = Release|Any CPU
	EndGlobalSection
	GlobalSection(SolutionProperties) = preSolution
		HideSolutionNode = FALSE
	EndGlobalSection
	GlobalSection(NestedProjects) = preSolution
		{6C985189-1AC6-4C98-8787-8CB83F957520} = {70B755E2-CE05-4778-946D-D1E7F2700A3D}
		{D0FEA868-3059-4EFD-A999-2353513DC844} = {C4F52AD8-78AE-4F71-A1CA-A29EAFC7B503}
		{18792C5F-84C3-40F9-8AE8-5289B8AE9E8E} = {1C60CEA8-8B9B-44EF-B4B6-49B6645593B3}
		{F65D7D73-3927-426C-9CFB-7A5FCFBE4ABB} = {1C60CEA8-8B9B-44EF-B4B6-49B6645593B3}
		{27B33CA5-DC58-4A77-8D70-393C83D49CE0} = {1C60CEA8-8B9B-44EF-B4B6-49B6645593B3}
		{7DBCDEDE-A842-4ECE-823F-20BFEF8689F5} = {27B33CA5-DC58-4A77-8D70-393C83D49CE0}
		{483C5E81-C692-4BAC-A992-592C070F6EAF} = {1C60CEA8-8B9B-44EF-B4B6-49B6645593B3}
		{2D302D5C-A92B-4F72-8220-8DF09A0DB4A9} = {F7FBB0D2-130F-488E-8566-D2A11036BFF1}
		{BEBB469D-E8F9-48F1-9246-22BB43EB6364} = {F7FBB0D2-130F-488E-8566-D2A11036BFF1}
		{6652C18C-5DB5-47A9-822D-519477E3BA3E} = {F7FBB0D2-130F-488E-8566-D2A11036BFF1}
		{4621D219-9CA2-4CD4-9C5B-B290D67E1D82} = {C95147C3-E6EC-40A0-B2E9-2611A3111138}
		{4DC6328F-D9A8-4218-A7A2-1F835B099BBE} = {C95147C3-E6EC-40A0-B2E9-2611A3111138}
	EndGlobalSection
	GlobalSection(ExtensibilityGlobals) = postSolution
		SolutionGuid = {EBB59884-68E7-4118-B097-031F5211BDB7}
	EndGlobalSection
EndGlobal
